// !$*UTF8*$!
{
	archiveVersion = 1;
	classes = {
	};
	objectVersion = 77;
	objects = {

/* Begin PBXBuildFile section */
		D5211B7C2E30F1E600634A55 /* Assets.xcassets in Resources */ = {isa = PBXBuildFile; fileRef = D5211B7B2E30F1E600634A55 /* Assets.xcassets */; };
/* End PBXBuildFile section */

/* Begin PBXContainerItemProxy section */
		D509BFBD2E2E99FC009D5F8A /* PBXContainerItemProxy */ = {
			isa = PBXContainerItemProxy;
			containerPortal = D509BFA42E2E99FA009D5F8A /* Project object */;
			proxyType = 1;
			remoteGlobalIDString = D509BFAB2E2E99FA009D5F8A;
			remoteInfo = PlantManiac;
		};
		D509BFC72E2E99FC009D5F8A /* PBXContainerItemProxy */ = {
			isa = PBXContainerItemProxy;
			containerPortal = D509BFA42E2E99FA009D5F8A /* Project object */;
			proxyType = 1;
			remoteGlobalIDString = D509BFAB2E2E99FA009D5F8A;
			remoteInfo = PlantManiac;
		};
/* End PBXContainerItemProxy section */

/* Begin PBXFileReference section */
		D509BFAC2E2E99FA009D5F8A /* PlantManiac.app */ = {isa = PBXFileReference; explicitFileType = wrapper.application; includeInIndex = 0; path = PlantManiac.app; sourceTree = BUILT_PRODUCTS_DIR; };
		D509BFBC2E2E99FC009D5F8A /* PlantManiacTests.xctest */ = {isa = PBXFileReference; explicitFileType = wrapper.cfbundle; includeInIndex = 0; path = PlantManiacTests.xctest; sourceTree = BUILT_PRODUCTS_DIR; };
		D509BFC62E2E99FC009D5F8A /* PlantManiacUITests.xctest */ = {isa = PBXFileReference; explicitFileType = wrapper.cfbundle; includeInIndex = 0; path = PlantManiacUITests.xctest; sourceTree = BUILT_PRODUCTS_DIR; };
		D5211B7B2E30F1E600634A55 /* Assets.xcassets */ = {isa = PBXFileReference; lastKnownFileType = folder.assetcatalog; path = Assets.xcassets; sourceTree = "<group>"; };
/* End PBXFileReference section */

/* Begin PBXFileSystemSynchronizedRootGroup section */
		D509BFAE2E2E99FA009D5F8A /* PlantManiac */ = {
			isa = PBXFileSystemSynchronizedRootGroup;
			path = PlantManiac;
			sourceTree = "<group>";
		};
		D509BFBF2E2E99FC009D5F8A /* PlantManiacTests */ = {
			isa = PBXFileSystemSynchronizedRootGroup;
			path = PlantManiacTests;
			sourceTree = "<group>";
		};
		D509BFC92E2E99FC009D5F8A /* PlantManiacUITests */ = {
			isa = PBXFileSystemSynchronizedRootGroup;
			path = PlantManiacUITests;
			sourceTree = "<group>";
		};
/* End PBXFileSystemSynchronizedRootGroup section */

/* Begin PBXFrameworksBuildPhase section */
		D509BFA92E2E99FA009D5F8A /* Frameworks */ = {
			isa = PBXFrameworksBuildPhase;
			buildActionMask = 2147483647;
			files = (
			);
			runOnlyForDeploymentPostprocessing = 0;
		};
		D509BFB92E2E99FC009D5F8A /* Frameworks */ = {
			isa = PBXFrameworksBuildPhase;
			buildActionMask = 2147483647;
			files = (
			);
			runOnlyForDeploymentPostprocessing = 0;
		};
		D509BFC32E2E99FC009D5F8A /* Frameworks */ = {
			isa = PBXFrameworksBuildPhase;
			buildActionMask = 2147483647;
			files = (
			);
			runOnlyForDeploymentPostprocessing = 0;
		};
/* End PBXFrameworksBuildPhase section */

/* Begin PBXGroup section */
		D509BFA32E2E99FA009D5F8A = {
			isa = PBXGroup;
			children = (
				D5BFB0B02E32830C007EAFA4 /* Fonts */,
				D5211B7B2E30F1E600634A55 /* Assets.xcassets */,
				D509BFAE2E2E99FA009D5F8A /* PlantManiac */,
				D509BFBF2E2E99FC009D5F8A /* PlantManiacTests */,
				D509BFC92E2E99FC009D5F8A /* PlantManiacUITests */,
				D509BFAD2E2E99FA009D5F8A /* Products */,
			);
			sourceTree = "<group>";
		};
		D509BFAD2E2E99FA009D5F8A /* Products */ = {
			isa = PBXGroup;
			children = (
				D509BFAC2E2E99FA009D5F8A /* PlantManiac.app */,
				D509BFBC2E2E99FC009D5F8A /* PlantManiacTests.xctest */,
				D509BFC62E2E99FC009D5F8A /* PlantManiacUITests.xctest */,
			);
			name = Products;
			sourceTree = "<group>";
		};
		D5BFB0B02E32830C007EAFA4 /* Fonts */ = {
			isa = PBXGroup;
			children = (
			);
			path = Fonts;
			sourceTree = "<group>";
		};
/* End PBXGroup section */

/* Begin PBXNativeTarget section */
		D509BFAB2E2E99FA009D5F8A /* PlantManiac */ = {
			isa = PBXNativeTarget;
			buildConfigurationList = D509BFD02E2E99FC009D5F8A /* Build configuration list for PBXNativeTarget "PlantManiac" */;
			buildPhases = (
				D509BFA82E2E99FA009D5F8A /* Sources */,
				D509BFA92E2E99FA009D5F8A /* Frameworks */,
				D509BFAA2E2E99FA009D5F8A /* Resources */,
			);
			buildRules = (
			);
			dependencies = (
			);
			fileSystemSynchronizedGroups = (
				D509BFAE2E2E99FA009D5F8A /* PlantManiac */,
			);
			name = PlantManiac;
			packageProductDependencies = (
			);
			productName = PlantManiac;
			productReference = D509BFAC2E2E99FA009D5F8A /* PlantManiac.app */;
			productType = "com.apple.product-type.application";
		};
		D509BFBB2E2E99FC009D5F8A /* PlantManiacTests */ = {
			isa = PBXNativeTarget;
			buildConfigurationList = D509BFD32E2E99FC009D5F8A /* Build configuration list for PBXNativeTarget "PlantManiacTests" */;
			buildPhases = (
				D509BFB82E2E99FC009D5F8A /* Sources */,
				D509BFB92E2E99FC009D5F8A /* Frameworks */,
				D509BFBA2E2E99FC009D5F8A /* Resources */,
			);
			buildRules = (
			);
			dependencies = (
				D509BFBE2E2E99FC009D5F8A /* PBXTargetDependency */,
			);
			fileSystemSynchronizedGroups = (
				D509BFBF2E2E99FC009D5F8A /* PlantManiacTests */,
			);
			name = PlantManiacTests;
			packageProductDependencies = (
			);
			productName = PlantManiacTests;
			productReference = D509BFBC2E2E99FC009D5F8A /* PlantManiacTests.xctest */;
			productType = "com.apple.product-type.bundle.unit-test";
		};
		D509BFC52E2E99FC009D5F8A /* PlantManiacUITests */ = {
			isa = PBXNativeTarget;
			buildConfigurationList = D509BFD62E2E99FC009D5F8A /* Build configuration list for PBXNativeTarget "PlantManiacUITests" */;
			buildPhases = (
				D509BFC22E2E99FC009D5F8A /* Sources */,
				D509BFC32E2E99FC009D5F8A /* Frameworks */,
				D509BFC42E2E99FC009D5F8A /* Resources */,
			);
			buildRules = (
			);
			dependencies = (
				D509BFC82E2E99FC009D5F8A /* PBXTargetDependency */,
			);
			fileSystemSynchronizedGroups = (
				D509BFC92E2E99FC009D5F8A /* PlantManiacUITests */,
			);
			name = PlantManiacUITests;
			packageProductDependencies = (
			);
			productName = PlantManiacUITests;
			productReference = D509BFC62E2E99FC009D5F8A /* PlantManiacUITests.xctest */;
			productType = "com.apple.product-type.bundle.ui-testing";
		};
/* End PBXNativeTarget section */

/* Begin PBXProject section */
		D509BFA42E2E99FA009D5F8A /* Project object */ = {
			isa = PBXProject;
			attributes = {
				BuildIndependentTargetsInParallel = 1;
				LastSwiftUpdateCheck = 1600;
				LastUpgradeCheck = 1600;
				TargetAttributes = {
					D509BFAB2E2E99FA009D5F8A = {
						CreatedOnToolsVersion = 16.0;
					};
					D509BFBB2E2E99FC009D5F8A = {
						CreatedOnToolsVersion = 16.0;
						TestTargetID = D509BFAB2E2E99FA009D5F8A;
					};
					D509BFC52E2E99FC009D5F8A = {
						CreatedOnToolsVersion = 16.0;
						TestTargetID = D509BFAB2E2E99FA009D5F8A;
					};
				};
			};
			buildConfigurationList = D509BFA72E2E99FA009D5F8A /* Build configuration list for PBXProject "PlantManiac" */;
			developmentRegion = en;
			hasScannedForEncodings = 0;
			knownRegions = (
				en,
				Base,
			);
			mainGroup = D509BFA32E2E99FA009D5F8A;
			minimizedProjectReferenceProxies = 1;
			preferredProjectObjectVersion = 77;
			productRefGroup = D509BFAD2E2E99FA009D5F8A /* Products */;
			projectDirPath = "";
			projectRoot = "";
			targets = (
				D509BFAB2E2E99FA009D5F8A /* PlantManiac */,
				D509BFBB2E2E99FC009D5F8A /* PlantManiacTests */,
				D509BFC52E2E99FC009D5F8A /* PlantManiacUITests */,
			);
		};
/* End PBXProject section */

/* Begin PBXResourcesBuildPhase section */
		D509BFAA2E2E99FA009D5F8A /* Resources */ = {
			isa = PBXResourcesBuildPhase;
			buildActionMask = 2147483647;
			files = (
				D5211B7C2E30F1E600634A55 /* Assets.xcassets in Resources */,
			);
			runOnlyForDeploymentPostprocessing = 0;
		};
		D509BFBA2E2E99FC009D5F8A /* Resources */ = {
			isa = PBXResourcesBuildPhase;
			buildActionMask = 2147483647;
			files = (
			);
			runOnlyForDeploymentPostprocessing = 0;
		};
		D509BFC42E2E99FC009D5F8A /* Resources */ = {
			isa = PBXResourcesBuildPhase;
			buildActionMask = 2147483647;
			files = (
			);
			runOnlyForDeploymentPostprocessing = 0;
		};
/* End PBXResourcesBuildPhase section */

/* Begin PBXSourcesBuildPhase section */
		D509BFA82E2E99FA009D5F8A /* Sources */ = {
			isa = PBXSourcesBuildPhase;
			buildActionMask = 2147483647;
			files = (
			);
			runOnlyForDeploymentPostprocessing = 0;
		};
		D509BFB82E2E99FC009D5F8A /* Sources */ = {
			isa = PBXSourcesBuildPhase;
			buildActionMask = 2147483647;
			files = (
			);
			runOnlyForDeploymentPostprocessing = 0;
		};
		D509BFC22E2E99FC009D5F8A /* Sources */ = {
			isa = PBXSourcesBuildPhase;
			buildActionMask = 2147483647;
			files = (
			);
			runOnlyForDeploymentPostprocessing = 0;
		};
/* End PBXSourcesBuildPhase section */

/* Begin PBXTargetDependency section */
		D509BFBE2E2E99FC009D5F8A /* PBXTargetDependency */ = {
			isa = PBXTargetDependency;
			target = D509BFAB2E2E99FA009D5F8A /* PlantManiac */;
			targetProxy = D509BFBD2E2E99FC009D5F8A /* PBXContainerItemProxy */;
		};
		D509BFC82E2E99FC009D5F8A /* PBXTargetDependency */ = {
			isa = PBXTargetDependency;
			target = D509BFAB2E2E99FA009D5F8A /* PlantManiac */;
			targetProxy = D509BFC72E2E99FC009D5F8A /* PBXContainerItemProxy */;
		};
/* End PBXTargetDependency section */

/* Begin XCBuildConfiguration section */
		D509BFCE2E2E99FC009D5F8A /* Debug */ = {
			isa = XCBuildConfiguration;
			buildSettings = {
				ALWAYS_SEARCH_USER_PATHS = NO;
				ASSETCATALOG_COMPILER_GENERATE_SWIFT_ASSET_SYMBOL_EXTENSIONS = YES;
				CLANG_ANALYZER_NONNULL = YES;
				CLANG_ANALYZER_NUMBER_OBJECT_CONVERSION = YES_AGGRESSIVE;
				CLANG_CXX_LANGUAGE_STANDARD = "gnu++20";
				CLANG_ENABLE_MODULES = YES;
				CLANG_ENABLE_OBJC_ARC = YES;
				CLANG_ENABLE_OBJC_WEAK = YES;
				CLANG_WARN_BLOCK_CAPTURE_AUTORELEASING = YES;
				CLANG_WARN_BOOL_CONVERSION = YES;
				CLANG_WARN_COMMA = YES;
				CLANG_WARN_CONSTANT_CONVERSION = YES;
				CLANG_WARN_DEPRECATED_OBJC_IMPLEMENTATIONS = YES;
				CLANG_WARN_DIRECT_OBJC_ISA_USAGE = YES_ERROR;
				CLANG_WARN_DOCUMENTATION_COMMENTS = YES;
				CLANG_WARN_EMPTY_BODY = YES;
				CLANG_WARN_ENUM_CONVERSION = YES;
				CLANG_WARN_INFINITE_RECURSION = YES;
				CLANG_WARN_INT_CONVERSION = YES;
				CLANG_WARN_NON_LITERAL_NULL_CONVERSION = YES;
				CLANG_WARN_OBJC_IMPLICIT_RETAIN_SELF = YES;
				CLANG_WARN_OBJC_LITERAL_CONVERSION = YES;
				CLANG_WARN_OBJC_ROOT_CLASS = YES_ERROR;
				CLANG_WARN_QUOTED_INCLUDE_IN_FRAMEWORK_HEADER = YES;
				CLANG_WARN_RANGE_LOOP_ANALYSIS = YES;
				CLANG_WARN_STRICT_PROTOTYPES = YES;
				CLANG_WARN_SUSPICIOUS_MOVE = YES;
				CLANG_WARN_UNGUARDED_AVAILABILITY = YES_AGGRESSIVE;
				CLANG_WARN_UNREACHABLE_CODE = YES;
				CLANG_WARN__DUPLICATE_METHOD_MATCH = YES;
				COPY_PHASE_STRIP = NO;
				DEBUG_INFORMATION_FORMAT = dwarf;
				ENABLE_STRICT_OBJC_MSGSEND = YES;
				ENABLE_TESTABILITY = YES;
				ENABLE_USER_SCRIPT_SANDBOXING = YES;
				GCC_C_LANGUAGE_STANDARD = gnu17;
				GCC_DYNAMIC_NO_PIC = NO;
				GCC_NO_COMMON_BLOCKS = YES;
				GCC_OPTIMIZATION_LEVEL = 0;
				GCC_PREPROCESSOR_DEFINITIONS = (
					"DEBUG=1",
					"$(inherited)",
				);
				GCC_WARN_64_TO_32_BIT_CONVERSION = YES;
				GCC_WARN_ABOUT_RETURN_TYPE = YES_ERROR;
				GCC_WARN_UNDECLARED_SELECTOR = YES;
				GCC_WARN_UNINITIALIZED_AUTOS = YES_AGGRESSIVE;
				GCC_WARN_UNUSED_FUNCTION = YES;
				GCC_WARN_UNUSED_VARIABLE = YES;
				IPHONEOS_DEPLOYMENT_TARGET = 18.0;
				LOCALIZATION_PREFERS_STRING_CATALOGS = YES;
				MTL_ENABLE_DEBUG_INFO = INCLUDE_SOURCE;
				MTL_FAST_MATH = YES;
				ONLY_ACTIVE_ARCH = YES;
				SDKROOT = iphoneos;
				SWIFT_ACTIVE_COMPILATION_CONDITIONS = "DEBUG $(inherited)";
				SWIFT_OPTIMIZATION_LEVEL = "-Onone";
			};
			name = Debug;
		};
		D509BFCF2E2E99FC009D5F8A /* Release */ = {
			isa = XCBuildConfiguration;
			buildSettings = {
				ALWAYS_SEARCH_USER_PATHS = NO;
				ASSETCATALOG_COMPILER_GENERATE_SWIFT_ASSET_SYMBOL_EXTENSIONS = YES;
				CLANG_ANALYZER_NONNULL = YES;
				CLANG_ANALYZER_NUMBER_OBJECT_CONVERSION = YES_AGGRESSIVE;
				CLANG_CXX_LANGUAGE_STANDARD = "gnu++20";
				CLANG_ENABLE_MODULES = YES;
				CLANG_ENABLE_OBJC_ARC = YES;
				CLANG_ENABLE_OBJC_WEAK = YES;
				CLANG_WARN_BLOCK_CAPTURE_AUTORELEASING = YES;
				CLANG_WARN_BOOL_CONVERSION = YES;
				CLANG_WARN_COMMA = YES;
				CLANG_WARN_CONSTANT_CONVERSION = YES;
				CLANG_WARN_DEPRECATED_OBJC_IMPLEMENTATIONS = YES;
				CLANG_WARN_DIRECT_OBJC_ISA_USAGE = YES_ERROR;
				CLANG_WARN_DOCUMENTATION_COMMENTS = YES;
				CLANG_WARN_EMPTY_BODY = YES;
				CLANG_WARN_ENUM_CONVERSION = YES;
				CLANG_WARN_INFINITE_RECURSION = YES;
				CLANG_WARN_INT_CONVERSION = YES;
				CLANG_WARN_NON_LITERAL_NULL_CONVERSION = YES;
				CLANG_WARN_OBJC_IMPLICIT_RETAIN_SELF = YES;
				CLANG_WARN_OBJC_LITERAL_CONVERSION = YES;
				CLANG_WARN_OBJC_ROOT_CLASS = YES_ERROR;
				CLANG_WARN_QUOTED_INCLUDE_IN_FRAMEWORK_HEADER = YES;
				CLANG_WARN_RANGE_LOOP_ANALYSIS = YES;
				CLANG_WARN_STRICT_PROTOTYPES = YES;
				CLANG_WARN_SUSPICIOUS_MOVE = YES;
				CLANG_WARN_UNGUARDED_AVAILABILITY = YES_AGGRESSIVE;
				CLANG_WARN_UNREACHABLE_CODE = YES;
				CLANG_WARN__DUPLICATE_METHOD_MATCH = YES;
				COPY_PHASE_STRIP = NO;
				DEBUG_INFORMATION_FORMAT = "dwarf-with-dsym";
				ENABLE_NS_ASSERTIONS = NO;
				ENABLE_STRICT_OBJC_MSGSEND = YES;
				ENABLE_USER_SCRIPT_SANDBOXING = YES;
				GCC_C_LANGUAGE_STANDARD = gnu17;
				GCC_NO_COMMON_BLOCKS = YES;
				GCC_WARN_64_TO_32_BIT_CONVERSION = YES;
				GCC_WARN_ABOUT_RETURN_TYPE = YES_ERROR;
				GCC_WARN_UNDECLARED_SELECTOR = YES;
				GCC_WARN_UNINITIALIZED_AUTOS = YES_AGGRESSIVE;
				GCC_WARN_UNUSED_FUNCTION = YES;
				GCC_WARN_UNUSED_VARIABLE = YES;
				IPHONEOS_DEPLOYMENT_TARGET = 18.0;
				LOCALIZATION_PREFERS_STRING_CATALOGS = YES;
				MTL_ENABLE_DEBUG_INFO = NO;
				MTL_FAST_MATH = YES;
				SDKROOT = iphoneos;
				SWIFT_COMPILATION_MODE = wholemodule;
				VALIDATE_PRODUCT = YES;
			};
			name = Release;
		};
		D509BFD12E2E99FC009D5F8A /* Debug */ = {
			isa = XCBuildConfiguration;
			buildSettings = {
				ASSETCATALOG_COMPILER_APPICON_NAME = AppIcon;
				ASSETCATALOG_COMPILER_GLOBAL_ACCENT_COLOR_NAME = AccentColor;
				ASSETCATALOG_COMPILER_INCLUDE_ALL_APPICON_ASSETS = NO;
				CODE_SIGN_STYLE = Automatic;
				CURRENT_PROJECT_VERSION = 1;
				DEVELOPMENT_ASSET_PATHS = "";
				ENABLE_PREVIEWS = YES;
				GENERATE_INFOPLIST_FILE = YES;
				INFOPLIST_KEY_UIApplicationSceneManifest_Generation = YES;
				INFOPLIST_KEY_UIApplicationSupportsIndirectInputEvents = YES;
				INFOPLIST_KEY_UILaunchScreen_Generation = YES;
				INFOPLIST_KEY_UISupportedInterfaceOrientations_iPad = "UIInterfaceOrientationPortrait UIInterfaceOrientationPortraitUpsideDown UIInterfaceOrientationLandscapeLeft UIInterfaceOrientationLandscapeRight";
				INFOPLIST_KEY_UISupportedInterfaceOrientations_iPhone = "UIInterfaceOrientationPortrait UIInterfaceOrientationLandscapeLeft UIInterfaceOrientationLandscapeRight";
				LD_RUNPATH_SEARCH_PATHS = (
					"$(inherited)",
					"@executable_path/Frameworks",
				);
				MARKETING_VERSION = 1.0;
				PRODUCT_BUNDLE_IDENTIFIER = foi.PlantManiac;
				PRODUCT_NAME = "$(TARGET_NAME)";
				SWIFT_EMIT_LOC_STRINGS = YES;
				SWIFT_VERSION = 5.0;
				TARGETED_DEVICE_FAMILY = "1,2";
			};
			name = Debug;
		};
		D509BFD22E2E99FC009D5F8A /* Release */ = {
			isa = XCBuildConfiguration;
			buildSettings = {
				ASSETCATALOG_COMPILER_APPICON_NAME = AppIcon;
				ASSETCATALOG_COMPILER_GLOBAL_ACCENT_COLOR_NAME = AccentColor;
				ASSETCATALOG_COMPILER_INCLUDE_ALL_APPICON_ASSETS = NO;
				CODE_SIGN_STYLE = Automatic;
				CURRENT_PROJECT_VERSION = 1;
				DEVELOPMENT_ASSET_PATHS = "";
				ENABLE_PREVIEWS = YES;
				GENERATE_INFOPLIST_FILE = YES;
				INFOPLIST_KEY_UIApplicationSceneManifest_Generation = YES;
				INFOPLIST_KEY_UIApplicationSupportsIndirectInputEvents = YES;
				INFOPLIST_KEY_UILaunchScreen_Generation = YES;
				INFOPLIST_KEY_UISupportedInterfaceOrientations_iPad = "UIInterfaceOrientationPortrait UIInterfaceOrientationPortraitUpsideDown UIInterfaceOrientationLandscapeLeft UIInterfaceOrientationLandscapeRight";
				INFOPLIST_KEY_UISupportedInterfaceOrientations_iPhone = "UIInterfaceOrientationPortrait UIInterfaceOrientationLandscapeLeft UIInterfaceOrientationLandscapeRight";
				LD_RUNPATH_SEARCH_PATHS = (
					"$(inherited)",
					"@executable_path/Frameworks",
				);
				MARKETING_VERSION = 1.0;
				PRODUCT_BUNDLE_IDENTIFIER = foi.PlantManiac;
				PRODUCT_NAME = "$(TARGET_NAME)";
				SWIFT_EMIT_LOC_STRINGS = YES;
				SWIFT_VERSION = 5.0;
				TARGETED_DEVICE_FAMILY = "1,2";
			};
			name = Release;
		};
		D509BFD42E2E99FC009D5F8A /* Debug */ = {
			isa = XCBuildConfiguration;
			buildSettings = {
				BUNDLE_LOADER = "$(TEST_HOST)";
				CODE_SIGN_STYLE = Automatic;
				CURRENT_PROJECT_VERSION = 1;
				GENERATE_INFOPLIST_FILE = YES;
				IPHONEOS_DEPLOYMENT_TARGET = 18.0;
				MARKETING_VERSION = 1.0;
				PRODUCT_BUNDLE_IDENTIFIER = rampu.PlantManiacTests;
				PRODUCT_NAME = "$(TARGET_NAME)";
				SWIFT_EMIT_LOC_STRINGS = NO;
				SWIFT_VERSION = 5.0;
				TARGETED_DEVICE_FAMILY = "1,2";
				TEST_HOST = "$(BUILT_PRODUCTS_DIR)/PlantManiac.app/$(BUNDLE_EXECUTABLE_FOLDER_PATH)/PlantManiac";
			};
			name = Debug;
		};
		D509BFD52E2E99FC009D5F8A /* Release */ = {
			isa = XCBuildConfiguration;
			buildSettings = {
				BUNDLE_LOADER = "$(TEST_HOST)";
				CODE_SIGN_STYLE = Automatic;
				CURRENT_PROJECT_VERSION = 1;
				GENERATE_INFOPLIST_FILE = YES;
				IPHONEOS_DEPLOYMENT_TARGET = 18.0;
				MARKETING_VERSION = 1.0;
				PRODUCT_BUNDLE_IDENTIFIER = rampu.PlantManiacTests;
				PRODUCT_NAME = "$(TARGET_NAME)";
				SWIFT_EMIT_LOC_STRINGS = NO;
				SWIFT_VERSION = 5.0;
				TARGETED_DEVICE_FAMILY = "1,2";
				TEST_HOST = "$(BUILT_PRODUCTS_DIR)/PlantManiac.app/$(BUNDLE_EXECUTABLE_FOLDER_PATH)/PlantManiac";
			};
			name = Release;
		};
		D509BFD72E2E99FC009D5F8A /* Debug */ = {
			isa = XCBuildConfiguration;
			buildSettings = {
				CODE_SIGN_STYLE = Automatic;
				CURRENT_PROJECT_VERSION = 1;
				GENERATE_INFOPLIST_FILE = YES;
				MARKETING_VERSION = 1.0;
				PRODUCT_BUNDLE_IDENTIFIER = rampu.PlantManiacUITests;
				PRODUCT_NAME = "$(TARGET_NAME)";
				SWIFT_EMIT_LOC_STRINGS = NO;
				SWIFT_VERSION = 5.0;
				TARGETED_DEVICE_FAMILY = "1,2";
				TEST_TARGET_NAME = PlantManiac;
			};
			name = Debug;
		};
		D509BFD82E2E99FC009D5F8A /* Release */ = {
			isa = XCBuildConfiguration;
			buildSettings = {
				CODE_SIGN_STYLE = Automatic;
				CURRENT_PROJECT_VERSION = 1;
				GENERATE_INFOPLIST_FILE = YES;
				MARKETING_VERSION = 1.0;
				PRODUCT_BUNDLE_IDENTIFIER = rampu.PlantManiacUITests;
				PRODUCT_NAME = "$(TARGET_NAME)";
				SWIFT_EMIT_LOC_STRINGS = NO;
				SWIFT_VERSION = 5.0;
				TARGETED_DEVICE_FAMILY = "1,2";
				TEST_TARGET_NAME = PlantManiac;
			};
			name = Release;
		};
/* End XCBuildConfiguration section */

/* Begin XCConfigurationList section */
		D509BFA72E2E99FA009D5F8A /* Build configuration list for PBXProject "PlantManiac" */ = {
			isa = XCConfigurationList;
			buildConfigurations = (
				D509BFCE2E2E99FC009D5F8A /* Debug */,
				D509BFCF2E2E99FC009D5F8A /* Release */,
			);
			defaultConfigurationIsVisible = 0;
			defaultConfigurationName = Release;
		};
		D509BFD02E2E99FC009D5F8A /* Build configuration list for PBXNativeTarget "PlantManiac" */ = {
			isa = XCConfigurationList;
			buildConfigurations = (
				D509BFD12E2E99FC009D5F8A /* Debug */,
				D509BFD22E2E99FC009D5F8A /* Release */,
			);
			defaultConfigurationIsVisible = 0;
			defaultConfigurationName = Release;
		};
		D509BFD32E2E99FC009D5F8A /* Build configuration list for PBXNativeTarget "PlantManiacTests" */ = {
			isa = XCConfigurationList;
			buildConfigurations = (
				D509BFD42E2E99FC009D5F8A /* Debug */,
				D509BFD52E2E99FC009D5F8A /* Release */,
			);
			defaultConfigurationIsVisible = 0;
			defaultConfigurationName = Release;
		};
		D509BFD62E2E99FC009D5F8A /* Build configuration list for PBXNativeTarget "PlantManiacUITests" */ = {
			isa = XCConfigurationList;
			buildConfigurations = (
				D509BFD72E2E99FC009D5F8A /* Debug */,
				D509BFD82E2E99FC009D5F8A /* Release */,
			);
			defaultConfigurationIsVisible = 0;
			defaultConfigurationName = Release;
		};
/* End XCConfigurationList section */
	};
	rootObject = D509BFA42E2E99FA009D5F8A /* Project object */;
}
